
Microsoft Visual Studio Solution File, Format Version 12.00
# Visual Studio Version 16
VisualStudioVersion = 16.0.29709.97
MinimumVisualStudioVersion = 10.0.40219.1
Project("{9A19103F-16F7-4668-BE54-9A1E7A4F7556}") = "Valentine.Api", "Valentine.Api\Valentine.Api.csproj", "{65D670C9-0BA1-4A1C-B0BF-6BCB60F6A933}"
EndProject
Project("{9A19103F-16F7-4668-BE54-9A1E7A4F7556}") = "Valentine.Domain", "Valentine.Domain\Valentine.Domain.csproj", "{A18C7E04-D141-4A63-AF30-BC717BD1962F}"
EndProject
Project("{9A19103F-16F7-4668-BE54-9A1E7A4F7556}") = "Valentine.Persistence", "Valentine.Persistence\Valentine.Persistence.csproj", "{8F271C78-4062-47DA-B5B7-B6D963210BF5}"
EndProject
Project("{9A19103F-16F7-4668-BE54-9A1E7A4F7556}") = "Valentine.Application", "Valentine.Application\Valentine.Application.csproj", "{0544991A-507F-4866-94F8-7A295AB86BA2}"
EndProject
Project("{9A19103F-16F7-4668-BE54-9A1E7A4F7556}") = "Valentine.Server", "Valentine\Server\Valentine.Server.csproj", "{91033755-631A-43BA-BA6C-53F9C4C94814}"
EndProject
Project("{9A19103F-16F7-4668-BE54-9A1E7A4F7556}") = "Valentine.Client", "Valentine\Client\Valentine.Client.csproj", "{22E29AE2-8110-4909-AD2C-948621370485}"
EndProject
Project("{9A19103F-16F7-4668-BE54-9A1E7A4F7556}") = "Valentine.Shared", "Valentine\Shared\Valentine.Shared.csproj", "{1436F80E-4C89-41A3-B950-CA5051054450}"
EndProject
Project("{9A19103F-16F7-4668-BE54-9A1E7A4F7556}") = "Valentine.Tests", "Valentine.Tests\Valentine.Tests.csproj", "{1C02E291-A553-49A2-AE4D-79E16E14DF1A}"
EndProject
Global
	GlobalSection(SolutionConfigurationPlatforms) = preSolution
		Debug|Any CPU = Debug|Any CPU
		Release|Any CPU = Release|Any CPU
	EndGlobalSection
	GlobalSection(ProjectConfigurationPlatforms) = postSolution
		{65D670C9-0BA1-4A1C-B0BF-6BCB60F6A933}.Debug|Any CPU.ActiveCfg = Debug|Any CPU
		{65D670C9-0BA1-4A1C-B0BF-6BCB60F6A933}.Debug|Any CPU.Build.0 = Debug|Any CPU
		{65D670C9-0BA1-4A1C-B0BF-6BCB60F6A933}.Release|Any CPU.ActiveCfg = Release|Any CPU
		{65D670C9-0BA1-4A1C-B0BF-6BCB60F6A933}.Release|Any CPU.Build.0 = Release|Any CPU
		{A18C7E04-D141-4A63-AF30-BC717BD1962F}.Debug|Any CPU.ActiveCfg = Debug|Any CPU
		{A18C7E04-D141-4A63-AF30-BC717BD1962F}.Debug|Any CPU.Build.0 = Debug|Any CPU
		{A18C7E04-D141-4A63-AF30-BC717BD1962F}.Release|Any CPU.ActiveCfg = Release|Any CPU
		{A18C7E04-D141-4A63-AF30-BC717BD1962F}.Release|Any CPU.Build.0 = Release|Any CPU
		{8F271C78-4062-47DA-B5B7-B6D963210BF5}.Debug|Any CPU.ActiveCfg = Debug|Any CPU
		{8F271C78-4062-47DA-B5B7-B6D963210BF5}.Debug|Any CPU.Build.0 = Debug|Any CPU
		{8F271C78-4062-47DA-B5B7-B6D963210BF5}.Release|Any CPU.ActiveCfg = Release|Any CPU
		{8F271C78-4062-47DA-B5B7-B6D963210BF5}.Release|Any CPU.Build.0 = Release|Any CPU
		{0544991A-507F-4866-94F8-7A295AB86BA2}.Debug|Any CPU.ActiveCfg = Debug|Any CPU
		{0544991A-507F-4866-94F8-7A295AB86BA2}.Debug|Any CPU.Build.0 = Debug|Any CPU
		{0544991A-507F-4866-94F8-7A295AB86BA2}.Release|Any CPU.ActiveCfg = Release|Any CPU
		{0544991A-507F-4866-94F8-7A295AB86BA2}.Release|Any CPU.Build.0 = Release|Any CPU
		{91033755-631A-43BA-BA6C-53F9C4C94814}.Debug|Any CPU.ActiveCfg = Debug|Any CPU
		{91033755-631A-43BA-BA6C-53F9C4C94814}.Debug|Any CPU.Build.0 = Debug|Any CPU
		{91033755-631A-43BA-BA6C-53F9C4C94814}.Release|Any CPU.ActiveCfg = Release|Any CPU
		{91033755-631A-43BA-BA6C-53F9C4C94814}.Release|Any CPU.Build.0 = Release|Any CPU
		{22E29AE2-8110-4909-AD2C-948621370485}.Debug|Any CPU.ActiveCfg = Debug|Any CPU
		{22E29AE2-8110-4909-AD2C-948621370485}.Debug|Any CPU.Build.0 = Debug|Any CPU
		{22E29AE2-8110-4909-AD2C-948621370485}.Release|Any CPU.ActiveCfg = Release|Any CPU
		{22E29AE2-8110-4909-AD2C-948621370485}.Release|Any CPU.Build.0 = Release|Any CPU
		{1436F80E-4C89-41A3-B950-CA5051054450}.Debug|Any CPU.ActiveCfg = Debug|Any CPU
		{1436F80E-4C89-41A3-B950-CA5051054450}.Debug|Any CPU.Build.0 = Debug|Any CPU
		{1436F80E-4C89-41A3-B950-CA5051054450}.Release|Any CPU.ActiveCfg = Release|Any CPU
		{1436F80E-4C89-41A3-B950-CA5051054450}.Release|Any CPU.Build.0 = Release|Any CPU
		{1C02E291-A553-49A2-AE4D-79E16E14DF1A}.Debug|Any CPU.ActiveCfg = Debug|Any CPU
		{1C02E291-A553-49A2-AE4D-79E16E14DF1A}.Debug|Any CPU.Build.0 = Debug|Any CPU
		{1C02E291-A553-49A2-AE4D-79E16E14DF1A}.Release|Any CPU.ActiveCfg = Release|Any CPU
		{1C02E291-A553-49A2-AE4D-79E16E14DF1A}.Release|Any CPU.Build.0 = Release|Any CPU
	EndGlobalSection
	GlobalSection(SolutionProperties) = preSolution
		HideSolutionNode = FALSE
	EndGlobalSection
	GlobalSection(ExtensibilityGlobals) = postSolution
		SolutionGuid = {E829D183-46AB-4D5E-808D-9FECB2CC12ED}
	EndGlobalSection
EndGlobal
