
Microsoft Visual Studio Solution File, Format Version 12.00
# Visual Studio Version 16
VisualStudioVersion = 16.0.29709.97
MinimumVisualStudioVersion = 10.0.40219.1
Project("{9A19103F-16F7-4668-BE54-9A1E7A4F7556}") = "Valentine.Api", "Valentine.Api\Valentine.Api.csproj", "{65D670C9-0BA1-4A1C-B0BF-6BCB60F6A933}"
EndProject
Project("{FAE04EC0-301F-11D3-BF4B-00C04F79EFBC}") = "Valentine.Domain", "Valentine.Domain\Valentine.Domain.csproj", "{A18C7E04-D141-4A63-AF30-BC717BD1962F}"
EndProject
Global
	GlobalSection(SolutionConfigurationPlatforms) = preSolution
		Debug|Any CPU = Debug|Any CPU
		Release|Any CPU = Release|Any CPU
	EndGlobalSection
	GlobalSection(ProjectConfigurationPlatforms) = postSolution
		{65D670C9-0BA1-4A1C-B0BF-6BCB60F6A933}.Debug|Any CPU.ActiveCfg = Debug|Any CPU
		{65D670C9-0BA1-4A1C-B0BF-6BCB60F6A933}.Debug|Any CPU.Build.0 = Debug|Any CPU
		{65D670C9-0BA1-4A1C-B0BF-6BCB60F6A933}.Release|Any CPU.ActiveCfg = Release|Any CPU
		{65D670C9-0BA1-4A1C-B0BF-6BCB60F6A933}.Release|Any CPU.Build.0 = Release|Any CPU
		{A18C7E04-D141-4A63-AF30-BC717BD1962F}.Debug|Any CPU.ActiveCfg = Debug|Any CPU
		{A18C7E04-D141-4A63-AF30-BC717BD1962F}.Debug|Any CPU.Build.0 = Debug|Any CPU
		{A18C7E04-D141-4A63-AF30-BC717BD1962F}.Release|Any CPU.ActiveCfg = Release|Any CPU
		{A18C7E04-D141-4A63-AF30-BC717BD1962F}.Release|Any CPU.Build.0 = Release|Any CPU
	EndGlobalSection
	GlobalSection(SolutionProperties) = preSolution
		HideSolutionNode = FALSE
	EndGlobalSection
	GlobalSection(ExtensibilityGlobals) = postSolution
		SolutionGuid = {E829D183-46AB-4D5E-808D-9FECB2CC12ED}
	EndGlobalSection
EndGlobal
